[root]
name = "htaccess2json"
version = "0.0.1"
dependencies = [
 "url 0.1.0 (git+https://github.com/servo/rust-url.git#2af8160a2b06c6cfc206b5ab37c4eefefbacf555)",
]

[[package]]
name = "encoding"
version = "0.1.0"
source = "git+https://github.com/lifthrasiir/rust-encoding#7e7950ddbd46428a439db3e2594fa78f0972ef2e"

[[package]]
name = "url"
version = "0.1.0"
source = "git+https://github.com/servo/rust-url.git#2af8160a2b06c6cfc206b5ab37c4eefefbacf555"
dependencies = [
 "encoding 0.1.0 (git+https://github.com/lifthrasiir/rust-encoding#7e7950ddbd46428a439db3e2594fa78f0972ef2e)",
]

