[root]
name = "htaccess2json"
version = "0.0.1"
dependencies = [
 "url 0.1.0 (git+https://github.com/servo/rust-url.git#29f70a47230c2aa736e263977247c786e0b2c243)",
]

[[package]]
name = "encoding"
version = "0.1.0"
source = "git+https://github.com/lifthrasiir/rust-encoding#28eafb604a92c7786685b46c0fc02682ba3ab265"

[[package]]
name = "url"
version = "0.1.0"
source = "git+https://github.com/servo/rust-url.git#29f70a47230c2aa736e263977247c786e0b2c243"
dependencies = [
 "encoding 0.1.0 (git+https://github.com/lifthrasiir/rust-encoding#28eafb604a92c7786685b46c0fc02682ba3ab265)",
]

